
Microsoft Visual Studio Solution File, Format Version 12.00
# Visual Studio Version 17
VisualStudioVersion = 17.5.002.0
MinimumVisualStudioVersion = 10.0.40219.1
Project("{9A19103F-16F7-4668-BE54-9A1E7A4F7556}") = "DesafioPOO", "DesafioPOO.csproj", "{C30EF04F-2B14-472C-858B-A02F6CE45ADB}"
EndProject
Global
	GlobalSection(SolutionConfigurationPlatforms) = preSolution
		Debug|Any CPU = Debug|Any CPU
		Release|Any CPU = Release|Any CPU
	EndGlobalSection
	GlobalSection(ProjectConfigurationPlatforms) = postSolution
		{C30EF04F-2B14-472C-858B-A02F6CE45ADB}.Debug|Any CPU.ActiveCfg = Debug|Any CPU
		{C30EF04F-2B14-472C-858B-A02F6CE45ADB}.Debug|Any CPU.Build.0 = Debug|Any CPU
		{C30EF04F-2B14-472C-858B-A02F6CE45ADB}.Release|Any CPU.ActiveCfg = Release|Any CPU
		{C30EF04F-2B14-472C-858B-A02F6CE45ADB}.Release|Any CPU.Build.0 = Release|Any CPU
	EndGlobalSection
	GlobalSection(SolutionProperties) = preSolution
		HideSolutionNode = FALSE
	EndGlobalSection
	GlobalSection(ExtensibilityGlobals) = postSolution
		SolutionGuid = {89BB5E9C-4468-4E62-9385-1D18735ACD01}
	EndGlobalSection
EndGlobal
